{
  "version": 4,
  "terraform_version": "1.10.5",
  "serial": 5,
  "lineage": "e2c13d7c-3371-5b08-59df-ececde7f3b23",
  "outputs": {},
  "resources": [
    {
      "mode": "managed",
      "type": "azurerm_app_service_source_control",
      "name": "sourcecontrol",
      "provider": "provider[\"registry.terraform.io/hashicorp/azurerm\"]",
      "instances": [
        {
          "schema_version": 0,
          "attributes": {
            "app_id": "/subscriptions/66dee015-ef6c-4cbd-a179-55964159584f/resourceGroups/my-example-rg/providers/Microsoft.Web/sites/my-example-webapp",
            "branch": "main",
            "github_action_configuration": [],
            "id": "/subscriptions/66dee015-ef6c-4cbd-a179-55964159584f/resourceGroups/my-example-rg/providers/Microsoft.Web/sites/my-example-webapp",
            "repo_url": "https://github.com/Santiago20022/Azure-terraform-gaia",
            "rollback_enabled": false,
            "scm_type": "ExternalGit",
            "timeouts": null,
            "use_local_git": false,
            "use_manual_integration": true,
            "use_mercurial": false,
            "uses_github_action": false
          },
          "sensitive_attributes": [],
          "private": "eyJlMmJmYjczMC1lY2FhLTExZTYtOGY4OC0zNDM2M2JjN2M0YzAiOnsiY3JlYXRlIjoxODAwMDAwMDAwMDAwLCJkZWxldGUiOjE4MDAwMDAwMDAwMDAsInJlYWQiOjMwMDAwMDAwMDAwMH19",
          "dependencies": [
            "azurerm_linux_web_app.webapp",
            "azurerm_resource_group.rg",
            "azurerm_service_plan.appserviceplan"
          ]
        }
      ]
    },
    {
      "mode": "managed",
      "type": "azurerm_linux_web_app",
      "name": "webapp",
      "provider": "provider[\"registry.terraform.io/hashicorp/azurerm\"]",
      "instances": [
        {
          "schema_version": 1,
          "attributes": {
            "app_settings": null,
            "auth_settings": [],
            "auth_settings_v2": [],
            "backup": [],
            "client_affinity_enabled": false,
            "client_certificate_enabled": false,
            "client_certificate_exclusion_paths": "",
            "client_certificate_mode": "Required",
            "connection_string": [],
            "custom_domain_verification_id": "9BD622CE58B968ABC939133C8FD11CFCD22E2355BD4EEEB2E7079417F84FECA5",
            "default_hostname": "my-example-webapp.azurewebsites.net",
            "enabled": true,
            "ftp_publish_basic_authentication_enabled": true,
            "hosting_environment_id": "",
            "https_only": true,
            "id": "/subscriptions/66dee015-ef6c-4cbd-a179-55964159584f/resourceGroups/my-example-rg/providers/Microsoft.Web/sites/my-example-webapp",
            "identity": [],
            "key_vault_reference_identity_id": "SystemAssigned",
            "kind": "app,linux",
            "location": "eastus",
            "logs": [],
            "name": "my-example-webapp",
            "outbound_ip_address_list": [
              "20.81.34.132",
              "20.81.34.144",
              "20.81.34.197",
              "20.81.35.21",
              "20.81.35.101",
              "20.81.36.101",
              "20.119.0.37"
            ],
            "outbound_ip_addresses": "20.81.34.132,20.81.34.144,20.81.34.197,20.81.35.21,20.81.35.101,20.81.36.101,20.119.0.37",
            "possible_outbound_ip_address_list": [
              "20.81.34.132",
              "20.81.34.144",
              "20.81.34.197",
              "20.81.35.21",
              "20.81.35.101",
              "20.81.36.101",
              "20.81.36.142",
              "20.81.36.252",
              "20.81.37.8",
              "20.81.37.114",
              "20.81.37.130",
              "20.81.38.21",
              "20.81.35.109",
              "20.81.39.32",
              "20.85.169.176",
              "20.85.172.120",
              "20.85.172.182",
              "20.85.172.217",
              "20.85.172.229",
              "20.85.173.19",
              "20.85.175.194",
              "20.121.248.121",
              "20.121.248.143",
              "20.85.168.74",
              "20.119.0.37"
            ],
            "possible_outbound_ip_addresses": "20.81.34.132,20.81.34.144,20.81.34.197,20.81.35.21,20.81.35.101,20.81.36.101,20.81.36.142,20.81.36.252,20.81.37.8,20.81.37.114,20.81.37.130,20.81.38.21,20.81.35.109,20.81.39.32,20.85.169.176,20.85.172.120,20.85.172.182,20.85.172.217,20.85.172.229,20.85.173.19,20.85.175.194,20.121.248.121,20.121.248.143,20.85.168.74,20.119.0.37",
            "public_network_access_enabled": true,
            "resource_group_name": "my-example-rg",
            "service_plan_id": "/subscriptions/66dee015-ef6c-4cbd-a179-55964159584f/resourceGroups/my-example-rg/providers/Microsoft.Web/serverFarms/my-example-serviceplan",
            "site_config": [
              {
                "always_on": true,
                "api_definition_url": "",
                "api_management_api_id": "",
                "app_command_line": "",
                "application_stack": [
                  {
                    "docker_image_name": "",
                    "docker_registry_password": "",
                    "docker_registry_url": "",
                    "docker_registry_username": "",
                    "dotnet_version": "",
                    "go_version": "",
                    "java_server": "",
                    "java_server_version": "",
                    "java_version": "",
                    "node_version": "22-lts",
                    "php_version": "",
                    "python_version": "",
                    "ruby_version": ""
                  }
                ],
                "auto_heal_setting": [],
                "container_registry_managed_identity_client_id": "",
                "container_registry_use_managed_identity": false,
                "cors": [],
                "default_documents": [
                  "Default.htm",
                  "Default.html",
                  "Default.asp",
                  "index.htm",
                  "index.html",
                  "iisstart.htm",
                  "default.aspx",
                  "index.php",
                  "hostingstart.html"
                ],
                "detailed_error_logging_enabled": false,
                "ftps_state": "Disabled",
                "health_check_eviction_time_in_min": 0,
                "health_check_path": "",
                "http2_enabled": false,
                "ip_restriction": [],
                "ip_restriction_default_action": "Allow",
                "linux_fx_version": "NODE|22-lts",
                "load_balancing_mode": "LeastRequests",
                "local_mysql_enabled": false,
                "managed_pipeline_mode": "Integrated",
                "minimum_tls_version": "1.2",
                "remote_debugging_enabled": false,
                "remote_debugging_version": "VS2022",
                "scm_ip_restriction": [],
                "scm_ip_restriction_default_action": "Allow",
                "scm_minimum_tls_version": "1.2",
                "scm_type": "None",
                "scm_use_main_ip_restriction": false,
                "use_32_bit_worker": true,
                "vnet_route_all_enabled": false,
                "websockets_enabled": false,
                "worker_count": 1
              }
            ],
            "site_credential": [
              {
                "name": "$my-example-webapp",
                "password": "eTTW89lsWjtmuem7cD2mivn5HwsJ1u9C8QRBonEaQKRQatjlfjo12MX8oHzL"
              }
            ],
            "sticky_settings": [],
            "storage_account": [],
            "tags": null,
            "timeouts": null,
            "virtual_network_backup_restore_enabled": false,
            "virtual_network_subnet_id": "",
            "webdeploy_publish_basic_authentication_enabled": true,
            "zip_deploy_file": ""
          },
          "sensitive_attributes": [
            [
              {
                "type": "get_attr",
                "value": "site_config"
              },
              {
                "type": "index",
                "value": {
                  "value": 0,
                  "type": "number"
                }
              },
              {
                "type": "get_attr",
                "value": "application_stack"
              },
              {
                "type": "index",
                "value": {
                  "value": 0,
                  "type": "number"
                }
              },
              {
                "type": "get_attr",
                "value": "docker_registry_password"
              }
            ],
            [
              {
                "type": "get_attr",
                "value": "custom_domain_verification_id"
              }
            ],
            [
              {
                "type": "get_attr",
                "value": "site_credential"
              }
            ]
          ],
          "private": "eyJlMmJmYjczMC1lY2FhLTExZTYtOGY4OC0zNDM2M2JjN2M0YzAiOnsiY3JlYXRlIjoxODAwMDAwMDAwMDAwLCJkZWxldGUiOjE4MDAwMDAwMDAwMDAsInJlYWQiOjMwMDAwMDAwMDAwMCwidXBkYXRlIjoxODAwMDAwMDAwMDAwfSwic2NoZW1hX3ZlcnNpb24iOiIxIn0=",
          "dependencies": [
            "azurerm_resource_group.rg",
            "azurerm_service_plan.appserviceplan"
          ]
        }
      ]
    },
    {
      "mode": "managed",
      "type": "azurerm_resource_group",
      "name": "rg",
      "provider": "provider[\"registry.terraform.io/hashicorp/azurerm\"]",
      "instances": [
        {
          "schema_version": 0,
          "attributes": {
            "id": "/subscriptions/66dee015-ef6c-4cbd-a179-55964159584f/resourceGroups/my-example-rg",
            "location": "eastus",
            "managed_by": "",
            "name": "my-example-rg",
            "tags": null,
            "timeouts": null
          },
          "sensitive_attributes": [],
          "private": "eyJlMmJmYjczMC1lY2FhLTExZTYtOGY4OC0zNDM2M2JjN2M0YzAiOnsiY3JlYXRlIjo1NDAwMDAwMDAwMDAwLCJkZWxldGUiOjU0MDAwMDAwMDAwMDAsInJlYWQiOjMwMDAwMDAwMDAwMCwidXBkYXRlIjo1NDAwMDAwMDAwMDAwfX0="
        }
      ]
    },
    {
      "mode": "managed",
      "type": "azurerm_service_plan",
      "name": "appserviceplan",
      "provider": "provider[\"registry.terraform.io/hashicorp/azurerm\"]",
      "instances": [
        {
          "schema_version": 1,
          "attributes": {
            "app_service_environment_id": "",
            "id": "/subscriptions/66dee015-ef6c-4cbd-a179-55964159584f/resourceGroups/my-example-rg/providers/Microsoft.Web/serverFarms/my-example-serviceplan",
            "kind": "linux",
            "location": "eastus",
            "maximum_elastic_worker_count": 1,
            "name": "my-example-serviceplan",
            "os_type": "Linux",
            "per_site_scaling_enabled": false,
            "premium_plan_auto_scale_enabled": false,
            "reserved": true,
            "resource_group_name": "my-example-rg",
            "sku_name": "B1",
            "tags": null,
            "timeouts": null,
            "worker_count": 1,
            "zone_balancing_enabled": false
          },
          "sensitive_attributes": [],
          "private": "eyJlMmJmYjczMC1lY2FhLTExZTYtOGY4OC0zNDM2M2JjN2M0YzAiOnsiY3JlYXRlIjozNjAwMDAwMDAwMDAwLCJkZWxldGUiOjM2MDAwMDAwMDAwMDAsInJlYWQiOjMwMDAwMDAwMDAwMCwidXBkYXRlIjozNjAwMDAwMDAwMDAwfSwic2NoZW1hX3ZlcnNpb24iOiIxIn0=",
          "dependencies": [
            "azurerm_resource_group.rg"
          ]
        }
      ]
    }
  ],
  "check_results": null
}
